
Microsoft Visual Studio Solution File, Format Version 12.00
# Visual Studio Version 17
VisualStudioVersion = 17.4.33122.133
MinimumVisualStudioVersion = 10.0.40219.1
Project("{FAE04EC0-301F-11D3-BF4B-00C04F79EFBC}") = "Sayısal Loto vs", "WindowsFormsApp2\Sayısal Loto vs.csproj", "{460B12DB-C488-4866-B261-335AD06E826F}"
EndProject
Global
	GlobalSection(SolutionConfigurationPlatforms) = preSolution
		Debug|Any CPU = Debug|Any CPU
		Release|Any CPU = Release|Any CPU
	EndGlobalSection
	GlobalSection(ProjectConfigurationPlatforms) = postSolution
		{460B12DB-C488-4866-B261-335AD06E826F}.Debug|Any CPU.ActiveCfg = Debug|Any CPU
		{460B12DB-C488-4866-B261-335AD06E826F}.Debug|Any CPU.Build.0 = Debug|Any CPU
		{460B12DB-C488-4866-B261-335AD06E826F}.Release|Any CPU.ActiveCfg = Release|Any CPU
		{460B12DB-C488-4866-B261-335AD06E826F}.Release|Any CPU.Build.0 = Release|Any CPU
	EndGlobalSection
	GlobalSection(SolutionProperties) = preSolution
		HideSolutionNode = FALSE
	EndGlobalSection
	GlobalSection(ExtensibilityGlobals) = postSolution
		SolutionGuid = {C3B5D05D-2CD5-4E17-ABC5-CDA67DBA9B33}
	EndGlobalSection
EndGlobal
